
Microsoft Visual Studio Solution File, Format Version 12.00
# Visual Studio Version 17
VisualStudioVersion = 17.1.32210.238
MinimumVisualStudioVersion = 10.0.40219.1
Project("{FAE04EC0-301F-11D3-BF4B-00C04F79EFBC}") = "UmbracoProject", "UmbracoProject\UmbracoProject.csproj", "{2474BB65-917A-412B-A7C1-F6A65F4EADAF}"
EndProject
Global
	GlobalSection(SolutionConfigurationPlatforms) = preSolution
		Debug|Any CPU = Debug|Any CPU
		Release|Any CPU = Release|Any CPU
	EndGlobalSection
	GlobalSection(ProjectConfigurationPlatforms) = postSolution
		{2474BB65-917A-412B-A7C1-F6A65F4EADAF}.Debug|Any CPU.ActiveCfg = Debug|Any CPU
		{2474BB65-917A-412B-A7C1-F6A65F4EADAF}.Debug|Any CPU.Build.0 = Debug|Any CPU
		{2474BB65-917A-412B-A7C1-F6A65F4EADAF}.Release|Any CPU.ActiveCfg = Release|Any CPU
		{2474BB65-917A-412B-A7C1-F6A65F4EADAF}.Release|Any CPU.Build.0 = Release|Any CPU
	EndGlobalSection
	GlobalSection(SolutionProperties) = preSolution
		HideSolutionNode = FALSE
	EndGlobalSection
	GlobalSection(ExtensibilityGlobals) = postSolution
		SolutionGuid = {7AA4E02F-0118-4527-9457-C4DC8A61899B}
	EndGlobalSection
EndGlobal
